
Microsoft Visual Studio Solution File, Format Version 12.00
# Visual Studio Version 16
VisualStudioVersion = 16.0.29806.167
MinimumVisualStudioVersion = 10.0.40219.1
Project("{9A19103F-16F7-4668-BE54-9A1E7A4F7556}") = "Coworking", "Coworking.csproj", "{6066797E-1356-4873-B4AC-DEF9AC8A00AB}"
EndProject
Project("{2150E333-8FDC-42A3-9474-1A3956D46DE8}") = "1-Layers", "1-Layers", "{4E21146E-7223-4650-ABB9-D8EF9E9FF181}"
EndProject
Project("{2150E333-8FDC-42A3-9474-1A3956D46DE8}") = "1.1-Servicios Distribuidos", "1.1-Servicios Distribuidos", "{7CAC6175-2BA7-4A93-854D-E29215AFE261}"
EndProject
Project("{2150E333-8FDC-42A3-9474-1A3956D46DE8}") = "1.2-Aplicacion", "1.2-Aplicacion", "{2A1AFB08-EDAC-4D3B-8CCF-8D797B05E9C9}"
EndProject
Project("{FAE04EC0-301F-11D3-BF4B-00C04F79EFBC}") = "Coworking.Api.Application", "..\Coworking.Api.Application\Coworking.Api.Application.csproj", "{80204930-0CE3-41E6-8D8D-1A2676210291}"
EndProject
Project("{FAE04EC0-301F-11D3-BF4B-00C04F79EFBC}") = "Coworking.Api.Application.Contracts", "..\Coworking.Api.Application.contracts\Coworking.Api.Application.Contracts.csproj", "{6B898CAE-55A8-4DB4-82C7-3BF5B5DB0B21}"
EndProject
Project("{FAE04EC0-301F-11D3-BF4B-00C04F79EFBC}") = "Coworking.Api.Application.Tests", "..\Coworking.Api.Application.Tests\Coworking.Api.Application.Tests.csproj", "{18460D8D-7314-47E3-8352-95BB2D41F29D}"
EndProject
Project("{2150E333-8FDC-42A3-9474-1A3956D46DE8}") = "1.3-Business", "1.3-Business", "{8914F37B-4B98-4476-9924-5D18C2880360}"
EndProject
Project("{FAE04EC0-301F-11D3-BF4B-00C04F79EFBC}") = "Coworking.Api.Business", "..\Coworking.Api.Business\Coworking.Api.Business.csproj", "{A8B0B5E9-90D2-44C1-8293-76DD78C2B5B2}"
EndProject
Project("{2150E333-8FDC-42A3-9474-1A3956D46DE8}") = "1.4-DataAccess", "1.4-DataAccess", "{443B5F4D-3FB5-4A31-B346-5E2560BC8163}"
EndProject
Project("{FAE04EC0-301F-11D3-BF4B-00C04F79EFBC}") = "Coworking.Api.DataAccess", "..\Coworking.Api.DataAccess\Coworking.Api.DataAccess.csproj", "{7BF5A01F-4CED-40E9-916A-E00F0DC1DAC7}"
EndProject
Project("{FAE04EC0-301F-11D3-BF4B-00C04F79EFBC}") = "Coworking.Api.DataAccess.Contracts", "..\Coworking.Api.DataAccess.Contracts\Coworking.Api.DataAccess.Contracts.csproj", "{94151FFA-7FFE-4645-8D04-FE0A6029F335}"
EndProject
Project("{2150E333-8FDC-42A3-9474-1A3956D46DE8}") = "1.5-CrossCutting", "1.5-CrossCutting", "{CB5D62C4-D751-4A64-97CA-7AD047B58032}"
EndProject
Project("{FAE04EC0-301F-11D3-BF4B-00C04F79EFBC}") = "Coworking.Api.CrossCatting", "..\Coworking.Api.CrossCatting\Coworking.Api.CrossCatting.csproj", "{506ADF60-F909-45C2-86B2-AFB277E69EC8}"
EndProject
Project("{2150E333-8FDC-42A3-9474-1A3956D46DE8}") = "Services", "Services", "{43ADFA8B-2F5F-4837-BD06-DC515A6D2A6B}"
EndProject
Project("{2150E333-8FDC-42A3-9474-1A3956D46DE8}") = "Mappers", "Mappers", "{B0CF7111-9200-4448-8F38-C15AF41A9496}"
EndProject
Global
	GlobalSection(SolutionConfigurationPlatforms) = preSolution
		Debug|Any CPU = Debug|Any CPU
		Release|Any CPU = Release|Any CPU
	EndGlobalSection
	GlobalSection(ProjectConfigurationPlatforms) = postSolution
		{6066797E-1356-4873-B4AC-DEF9AC8A00AB}.Debug|Any CPU.ActiveCfg = Debug|Any CPU
		{6066797E-1356-4873-B4AC-DEF9AC8A00AB}.Debug|Any CPU.Build.0 = Debug|Any CPU
		{6066797E-1356-4873-B4AC-DEF9AC8A00AB}.Release|Any CPU.ActiveCfg = Release|Any CPU
		{6066797E-1356-4873-B4AC-DEF9AC8A00AB}.Release|Any CPU.Build.0 = Release|Any CPU
		{80204930-0CE3-41E6-8D8D-1A2676210291}.Debug|Any CPU.ActiveCfg = Debug|Any CPU
		{80204930-0CE3-41E6-8D8D-1A2676210291}.Debug|Any CPU.Build.0 = Debug|Any CPU
		{80204930-0CE3-41E6-8D8D-1A2676210291}.Release|Any CPU.ActiveCfg = Release|Any CPU
		{80204930-0CE3-41E6-8D8D-1A2676210291}.Release|Any CPU.Build.0 = Release|Any CPU
		{6B898CAE-55A8-4DB4-82C7-3BF5B5DB0B21}.Debug|Any CPU.ActiveCfg = Debug|Any CPU
		{6B898CAE-55A8-4DB4-82C7-3BF5B5DB0B21}.Debug|Any CPU.Build.0 = Debug|Any CPU
		{6B898CAE-55A8-4DB4-82C7-3BF5B5DB0B21}.Release|Any CPU.ActiveCfg = Release|Any CPU
		{6B898CAE-55A8-4DB4-82C7-3BF5B5DB0B21}.Release|Any CPU.Build.0 = Release|Any CPU
		{18460D8D-7314-47E3-8352-95BB2D41F29D}.Debug|Any CPU.ActiveCfg = Debug|Any CPU
		{18460D8D-7314-47E3-8352-95BB2D41F29D}.Debug|Any CPU.Build.0 = Debug|Any CPU
		{18460D8D-7314-47E3-8352-95BB2D41F29D}.Release|Any CPU.ActiveCfg = Release|Any CPU
		{18460D8D-7314-47E3-8352-95BB2D41F29D}.Release|Any CPU.Build.0 = Release|Any CPU
		{A8B0B5E9-90D2-44C1-8293-76DD78C2B5B2}.Debug|Any CPU.ActiveCfg = Debug|Any CPU
		{A8B0B5E9-90D2-44C1-8293-76DD78C2B5B2}.Debug|Any CPU.Build.0 = Debug|Any CPU
		{A8B0B5E9-90D2-44C1-8293-76DD78C2B5B2}.Release|Any CPU.ActiveCfg = Release|Any CPU
		{A8B0B5E9-90D2-44C1-8293-76DD78C2B5B2}.Release|Any CPU.Build.0 = Release|Any CPU
		{7BF5A01F-4CED-40E9-916A-E00F0DC1DAC7}.Debug|Any CPU.ActiveCfg = Debug|Any CPU
		{7BF5A01F-4CED-40E9-916A-E00F0DC1DAC7}.Debug|Any CPU.Build.0 = Debug|Any CPU
		{7BF5A01F-4CED-40E9-916A-E00F0DC1DAC7}.Release|Any CPU.ActiveCfg = Release|Any CPU
		{7BF5A01F-4CED-40E9-916A-E00F0DC1DAC7}.Release|Any CPU.Build.0 = Release|Any CPU
		{94151FFA-7FFE-4645-8D04-FE0A6029F335}.Debug|Any CPU.ActiveCfg = Debug|Any CPU
		{94151FFA-7FFE-4645-8D04-FE0A6029F335}.Debug|Any CPU.Build.0 = Debug|Any CPU
		{94151FFA-7FFE-4645-8D04-FE0A6029F335}.Release|Any CPU.ActiveCfg = Release|Any CPU
		{94151FFA-7FFE-4645-8D04-FE0A6029F335}.Release|Any CPU.Build.0 = Release|Any CPU
		{506ADF60-F909-45C2-86B2-AFB277E69EC8}.Debug|Any CPU.ActiveCfg = Debug|Any CPU
		{506ADF60-F909-45C2-86B2-AFB277E69EC8}.Debug|Any CPU.Build.0 = Debug|Any CPU
		{506ADF60-F909-45C2-86B2-AFB277E69EC8}.Release|Any CPU.ActiveCfg = Release|Any CPU
		{506ADF60-F909-45C2-86B2-AFB277E69EC8}.Release|Any CPU.Build.0 = Release|Any CPU
	EndGlobalSection
	GlobalSection(SolutionProperties) = preSolution
		HideSolutionNode = FALSE
	EndGlobalSection
	GlobalSection(NestedProjects) = preSolution
		{6066797E-1356-4873-B4AC-DEF9AC8A00AB} = {7CAC6175-2BA7-4A93-854D-E29215AFE261}
		{7CAC6175-2BA7-4A93-854D-E29215AFE261} = {4E21146E-7223-4650-ABB9-D8EF9E9FF181}
		{2A1AFB08-EDAC-4D3B-8CCF-8D797B05E9C9} = {4E21146E-7223-4650-ABB9-D8EF9E9FF181}
		{80204930-0CE3-41E6-8D8D-1A2676210291} = {2A1AFB08-EDAC-4D3B-8CCF-8D797B05E9C9}
		{6B898CAE-55A8-4DB4-82C7-3BF5B5DB0B21} = {2A1AFB08-EDAC-4D3B-8CCF-8D797B05E9C9}
		{18460D8D-7314-47E3-8352-95BB2D41F29D} = {2A1AFB08-EDAC-4D3B-8CCF-8D797B05E9C9}
		{8914F37B-4B98-4476-9924-5D18C2880360} = {4E21146E-7223-4650-ABB9-D8EF9E9FF181}
		{A8B0B5E9-90D2-44C1-8293-76DD78C2B5B2} = {8914F37B-4B98-4476-9924-5D18C2880360}
		{443B5F4D-3FB5-4A31-B346-5E2560BC8163} = {4E21146E-7223-4650-ABB9-D8EF9E9FF181}
		{7BF5A01F-4CED-40E9-916A-E00F0DC1DAC7} = {443B5F4D-3FB5-4A31-B346-5E2560BC8163}
		{94151FFA-7FFE-4645-8D04-FE0A6029F335} = {443B5F4D-3FB5-4A31-B346-5E2560BC8163}
		{CB5D62C4-D751-4A64-97CA-7AD047B58032} = {4E21146E-7223-4650-ABB9-D8EF9E9FF181}
		{506ADF60-F909-45C2-86B2-AFB277E69EC8} = {CB5D62C4-D751-4A64-97CA-7AD047B58032}
		{43ADFA8B-2F5F-4837-BD06-DC515A6D2A6B} = {2A1AFB08-EDAC-4D3B-8CCF-8D797B05E9C9}
		{B0CF7111-9200-4448-8F38-C15AF41A9496} = {2A1AFB08-EDAC-4D3B-8CCF-8D797B05E9C9}
	EndGlobalSection
	GlobalSection(ExtensibilityGlobals) = postSolution
		SolutionGuid = {A6A32DA9-72EE-4943-834B-9313377E0CCD}
	EndGlobalSection
EndGlobal
